// !$*UTF8*$!
{
	archiveVersion = 1;
	classes = {
	};
	objectVersion = 56;
	objects = {

/* Begin PBXBuildFile section */
		2C05D3362B2B85740005B3F7 /* FilmCardViewController.swift in Sources */ = {isa = PBXBuildFile; fileRef = 2C05D3352B2B85740005B3F7 /* FilmCardViewController.swift */; };
		2C05D33A2B2B85F90005B3F7 /* FullImageViewController.swift in Sources */ = {isa = PBXBuildFile; fileRef = 2C05D3392B2B85F90005B3F7 /* FullImageViewController.swift */; };
		2C05D33C2B2C2DCC0005B3F7 /* APIRequestConst.swift in Sources */ = {isa = PBXBuildFile; fileRef = 2C05D33B2B2C2DCC0005B3F7 /* APIRequestConst.swift */; };
		2C05D3562B2C3B340005B3F7 /* FilmListCollectionViewCell.swift in Sources */ = {isa = PBXBuildFile; fileRef = 2C05D3552B2C3B340005B3F7 /* FilmListCollectionViewCell.swift */; };
		2C05D3582B2C477D0005B3F7 /* FilmListVCDelegate.swift in Sources */ = {isa = PBXBuildFile; fileRef = 2C05D3572B2C477D0005B3F7 /* FilmListVCDelegate.swift */; };
		2C05D35A2B2C478D0005B3F7 /* FilmListVCDataSource.swift in Sources */ = {isa = PBXBuildFile; fileRef = 2C05D3592B2C478D0005B3F7 /* FilmListVCDataSource.swift */; };
		2C05D35C2B2C56000005B3F7 /* Model.swift in Sources */ = {isa = PBXBuildFile; fileRef = 2C05D35B2B2C56000005B3F7 /* Model.swift */; };
		2C0609072B2B5C4E0078FF50 /* AppDelegate.swift in Sources */ = {isa = PBXBuildFile; fileRef = 2C0609062B2B5C4E0078FF50 /* AppDelegate.swift */; };
		2C0609092B2B5C4E0078FF50 /* SceneDelegate.swift in Sources */ = {isa = PBXBuildFile; fileRef = 2C0609082B2B5C4E0078FF50 /* SceneDelegate.swift */; };
		2C06090B2B2B5C4E0078FF50 /* FilmListViewController.swift in Sources */ = {isa = PBXBuildFile; fileRef = 2C06090A2B2B5C4E0078FF50 /* FilmListViewController.swift */; };
		2C0609102B2B5C500078FF50 /* Assets.xcassets in Resources */ = {isa = PBXBuildFile; fileRef = 2C06090F2B2B5C500078FF50 /* Assets.xcassets */; };
		2C0609132B2B5C500078FF50 /* LaunchScreen.storyboard in Resources */ = {isa = PBXBuildFile; fileRef = 2C0609112B2B5C500078FF50 /* LaunchScreen.storyboard */; };
		2C0B96E42B5D0D1F00338BFD /* TabBarController.swift in Sources */ = {isa = PBXBuildFile; fileRef = 2C0B96E32B5D0D1F00338BFD /* TabBarController.swift */; };
		2C0B96E62B5D0D6E00338BFD /* SearchViewController.swift in Sources */ = {isa = PBXBuildFile; fileRef = 2C0B96E52B5D0D6E00338BFD /* SearchViewController.swift */; };
		2C0B96E82B5D0D8D00338BFD /* FavoritesViewController.swift in Sources */ = {isa = PBXBuildFile; fileRef = 2C0B96E72B5D0D8D00338BFD /* FavoritesViewController.swift */; };
		2C0B96EA2B5D148D00338BFD /* FilmListDisplayingProtocol.swift in Sources */ = {isa = PBXBuildFile; fileRef = 2C0B96E92B5D148D00338BFD /* FilmListDisplayingProtocol.swift */; };
		2C0D04572B36E867007FEAA7 /* FilmDBModel.swift in Sources */ = {isa = PBXBuildFile; fileRef = 2C0D04562B36E867007FEAA7 /* FilmDBModel.swift */; };
		2C0D045A2B46E1C5007FEAA7 /* FilmCardVCDelegate.swift in Sources */ = {isa = PBXBuildFile; fileRef = 2C0D04592B46E1C5007FEAA7 /* FilmCardVCDelegate.swift */; };
		2C0D045C2B46E2AC007FEAA7 /* FilmCardVCDataSource.swift in Sources */ = {isa = PBXBuildFile; fileRef = 2C0D045B2B46E2AC007FEAA7 /* FilmCardVCDataSource.swift */; };
		2C0D045E2B46E2C4007FEAA7 /* FilmCardCollectionViewCell.swift in Sources */ = {isa = PBXBuildFile; fileRef = 2C0D045D2B46E2C4007FEAA7 /* FilmCardCollectionViewCell.swift */; };
		2C7F9D372B654CFF00F48993 /* FavoritesVCDataSource.swift in Sources */ = {isa = PBXBuildFile; fileRef = 2C7F9D362B654CFF00F48993 /* FavoritesVCDataSource.swift */; };
		2C7F9D392B654FF500F48993 /* FavoritesVCDelegate.swift in Sources */ = {isa = PBXBuildFile; fileRef = 2C7F9D382B654FF500F48993 /* FavoritesVCDelegate.swift */; };
		2CACA2542B52DFEE00553277 /* DescriptionViewController.swift in Sources */ = {isa = PBXBuildFile; fileRef = 2CACA2532B52DFEE00553277 /* DescriptionViewController.swift */; };
		2CAED3C42B6F948B00AC7407 /* SearchListVCDelegate.swift in Sources */ = {isa = PBXBuildFile; fileRef = 2CAED3C32B6F948B00AC7407 /* SearchListVCDelegate.swift */; };
		2CAED3C62B6F949C00AC7407 /* SearchListVCDataSource.swift in Sources */ = {isa = PBXBuildFile; fileRef = 2CAED3C52B6F949C00AC7407 /* SearchListVCDataSource.swift */; };
		83005A6ADBB09B106AF136B0 /* Pods_sf_diplom.framework in Frameworks */ = {isa = PBXBuildFile; fileRef = AC7057CA6F5EFAB2BBC0352B /* Pods_sf_diplom.framework */; };
/* End PBXBuildFile section */

/* Begin PBXFileReference section */
		2C05D3352B2B85740005B3F7 /* FilmCardViewController.swift */ = {isa = PBXFileReference; lastKnownFileType = sourcecode.swift; path = FilmCardViewController.swift; sourceTree = "<group>"; };
		2C05D3392B2B85F90005B3F7 /* FullImageViewController.swift */ = {isa = PBXFileReference; lastKnownFileType = sourcecode.swift; path = FullImageViewController.swift; sourceTree = "<group>"; };
		2C05D33B2B2C2DCC0005B3F7 /* APIRequestConst.swift */ = {isa = PBXFileReference; lastKnownFileType = sourcecode.swift; path = APIRequestConst.swift; sourceTree = "<group>"; };
		2C05D3552B2C3B340005B3F7 /* FilmListCollectionViewCell.swift */ = {isa = PBXFileReference; lastKnownFileType = sourcecode.swift; path = FilmListCollectionViewCell.swift; sourceTree = "<group>"; };
		2C05D3572B2C477D0005B3F7 /* FilmListVCDelegate.swift */ = {isa = PBXFileReference; lastKnownFileType = sourcecode.swift; path = FilmListVCDelegate.swift; sourceTree = "<group>"; };
		2C05D3592B2C478D0005B3F7 /* FilmListVCDataSource.swift */ = {isa = PBXFileReference; lastKnownFileType = sourcecode.swift; path = FilmListVCDataSource.swift; sourceTree = "<group>"; };
		2C05D35B2B2C56000005B3F7 /* Model.swift */ = {isa = PBXFileReference; lastKnownFileType = sourcecode.swift; path = Model.swift; sourceTree = "<group>"; };
		2C0609032B2B5C4E0078FF50 /* sf_diplom.app */ = {isa = PBXFileReference; explicitFileType = wrapper.application; includeInIndex = 0; path = sf_diplom.app; sourceTree = BUILT_PRODUCTS_DIR; };
		2C0609062B2B5C4E0078FF50 /* AppDelegate.swift */ = {isa = PBXFileReference; lastKnownFileType = sourcecode.swift; path = AppDelegate.swift; sourceTree = "<group>"; };
		2C0609082B2B5C4E0078FF50 /* SceneDelegate.swift */ = {isa = PBXFileReference; lastKnownFileType = sourcecode.swift; path = SceneDelegate.swift; sourceTree = "<group>"; };
		2C06090A2B2B5C4E0078FF50 /* FilmListViewController.swift */ = {isa = PBXFileReference; lastKnownFileType = sourcecode.swift; path = FilmListViewController.swift; sourceTree = "<group>"; };
		2C06090F2B2B5C500078FF50 /* Assets.xcassets */ = {isa = PBXFileReference; lastKnownFileType = folder.assetcatalog; path = Assets.xcassets; sourceTree = "<group>"; };
		2C0609122B2B5C500078FF50 /* Base */ = {isa = PBXFileReference; lastKnownFileType = file.storyboard; name = Base; path = Base.lproj/LaunchScreen.storyboard; sourceTree = "<group>"; };
		2C0609142B2B5C500078FF50 /* Info.plist */ = {isa = PBXFileReference; lastKnownFileType = text.plist.xml; path = Info.plist; sourceTree = "<group>"; };
		2C0B96E32B5D0D1F00338BFD /* TabBarController.swift */ = {isa = PBXFileReference; lastKnownFileType = sourcecode.swift; path = TabBarController.swift; sourceTree = "<group>"; };
		2C0B96E52B5D0D6E00338BFD /* SearchViewController.swift */ = {isa = PBXFileReference; lastKnownFileType = sourcecode.swift; path = SearchViewController.swift; sourceTree = "<group>"; };
		2C0B96E72B5D0D8D00338BFD /* FavoritesViewController.swift */ = {isa = PBXFileReference; lastKnownFileType = sourcecode.swift; path = FavoritesViewController.swift; sourceTree = "<group>"; };
		2C0B96E92B5D148D00338BFD /* FilmListDisplayingProtocol.swift */ = {isa = PBXFileReference; lastKnownFileType = sourcecode.swift; path = FilmListDisplayingProtocol.swift; sourceTree = "<group>"; };
		2C0D04562B36E867007FEAA7 /* FilmDBModel.swift */ = {isa = PBXFileReference; lastKnownFileType = sourcecode.swift; path = FilmDBModel.swift; sourceTree = "<group>"; };
		2C0D04592B46E1C5007FEAA7 /* FilmCardVCDelegate.swift */ = {isa = PBXFileReference; lastKnownFileType = sourcecode.swift; path = FilmCardVCDelegate.swift; sourceTree = "<group>"; };
		2C0D045B2B46E2AC007FEAA7 /* FilmCardVCDataSource.swift */ = {isa = PBXFileReference; lastKnownFileType = sourcecode.swift; path = FilmCardVCDataSource.swift; sourceTree = "<group>"; };
		2C0D045D2B46E2C4007FEAA7 /* FilmCardCollectionViewCell.swift */ = {isa = PBXFileReference; lastKnownFileType = sourcecode.swift; path = FilmCardCollectionViewCell.swift; sourceTree = "<group>"; };
		2C7F9D362B654CFF00F48993 /* FavoritesVCDataSource.swift */ = {isa = PBXFileReference; lastKnownFileType = sourcecode.swift; path = FavoritesVCDataSource.swift; sourceTree = "<group>"; };
		2C7F9D382B654FF500F48993 /* FavoritesVCDelegate.swift */ = {isa = PBXFileReference; fileEncoding = 4; lastKnownFileType = sourcecode.swift; path = FavoritesVCDelegate.swift; sourceTree = "<group>"; };
		2CACA2532B52DFEE00553277 /* DescriptionViewController.swift */ = {isa = PBXFileReference; lastKnownFileType = sourcecode.swift; path = DescriptionViewController.swift; sourceTree = "<group>"; };
		2CAED3C32B6F948B00AC7407 /* SearchListVCDelegate.swift */ = {isa = PBXFileReference; lastKnownFileType = sourcecode.swift; path = SearchListVCDelegate.swift; sourceTree = "<group>"; };
		2CAED3C52B6F949C00AC7407 /* SearchListVCDataSource.swift */ = {isa = PBXFileReference; lastKnownFileType = sourcecode.swift; path = SearchListVCDataSource.swift; sourceTree = "<group>"; };
		65C82E14C7864A74EA1A1C35 /* Pods-sf_diplom.debug.xcconfig */ = {isa = PBXFileReference; includeInIndex = 1; lastKnownFileType = text.xcconfig; name = "Pods-sf_diplom.debug.xcconfig"; path = "Target Support Files/Pods-sf_diplom/Pods-sf_diplom.debug.xcconfig"; sourceTree = "<group>"; };
		AC7057CA6F5EFAB2BBC0352B /* Pods_sf_diplom.framework */ = {isa = PBXFileReference; explicitFileType = wrapper.framework; includeInIndex = 0; path = Pods_sf_diplom.framework; sourceTree = BUILT_PRODUCTS_DIR; };
		F54E734DE4B1D9BD8FD0CD16 /* Pods-sf_diplom.release.xcconfig */ = {isa = PBXFileReference; includeInIndex = 1; lastKnownFileType = text.xcconfig; name = "Pods-sf_diplom.release.xcconfig"; path = "Target Support Files/Pods-sf_diplom/Pods-sf_diplom.release.xcconfig"; sourceTree = "<group>"; };
/* End PBXFileReference section */

/* Begin PBXFrameworksBuildPhase section */
		2C0609002B2B5C4E0078FF50 /* Frameworks */ = {
			isa = PBXFrameworksBuildPhase;
			buildActionMask = 2147483647;
			files = (
				83005A6ADBB09B106AF136B0 /* Pods_sf_diplom.framework in Frameworks */,
			);
			runOnlyForDeploymentPostprocessing = 0;
		};
/* End PBXFrameworksBuildPhase section */

/* Begin PBXGroup section */
		2C05D33F2B2C331C0005B3F7 /* Model */ = {
			isa = PBXGroup;
			children = (
				2C05D35B2B2C56000005B3F7 /* Model.swift */,
				2C05D33B2B2C2DCC0005B3F7 /* APIRequestConst.swift */,
				2C0D04562B36E867007FEAA7 /* FilmDBModel.swift */,
			);
			path = Model;
			sourceTree = "<group>";
		};
		2C05D3542B2C3B090005B3F7 /* FilmListVC */ = {
			isa = PBXGroup;
			children = (
				2C06090A2B2B5C4E0078FF50 /* FilmListViewController.swift */,
				2C05D3552B2C3B340005B3F7 /* FilmListCollectionViewCell.swift */,
				2C05D3572B2C477D0005B3F7 /* FilmListVCDelegate.swift */,
				2C05D3592B2C478D0005B3F7 /* FilmListVCDataSource.swift */,
			);
			path = FilmListVC;
			sourceTree = "<group>";
		};
		2C0608FA2B2B5C4E0078FF50 = {
			isa = PBXGroup;
			children = (
				2C0609052B2B5C4E0078FF50 /* sf_diplom */,
				2C0609042B2B5C4E0078FF50 /* Products */,
				62DCB161FE468E644686D37A /* Pods */,
				A836B1A9EE17B96C41BC6359 /* Frameworks */,
			);
			sourceTree = "<group>";
		};
		2C0609042B2B5C4E0078FF50 /* Products */ = {
			isa = PBXGroup;
			children = (
				2C0609032B2B5C4E0078FF50 /* sf_diplom.app */,
			);
			name = Products;
			sourceTree = "<group>";
		};
		2C0609052B2B5C4E0078FF50 /* sf_diplom */ = {
			isa = PBXGroup;
			children = (
				2C0B96E92B5D148D00338BFD /* FilmListDisplayingProtocol.swift */,
				2C0B96E32B5D0D1F00338BFD /* TabBarController.swift */,
				2C05D33F2B2C331C0005B3F7 /* Model */,
				2C05D3542B2C3B090005B3F7 /* FilmListVC */,
				2C0D04582B46E182007FEAA7 /* FilmCardVC */,
				2C0B96EB2B5D366D00338BFD /* SearchVC */,
				2C0B96EC2B5D367C00338BFD /* FavoritesVC */,
				2C0609082B2B5C4E0078FF50 /* SceneDelegate.swift */,
				2C0609062B2B5C4E0078FF50 /* AppDelegate.swift */,
				2C06090F2B2B5C500078FF50 /* Assets.xcassets */,
				2C0609112B2B5C500078FF50 /* LaunchScreen.storyboard */,
				2C0609142B2B5C500078FF50 /* Info.plist */,
			);
			path = sf_diplom;
			sourceTree = "<group>";
		};
		2C0B96EB2B5D366D00338BFD /* SearchVC */ = {
			isa = PBXGroup;
			children = (
				2C0B96E52B5D0D6E00338BFD /* SearchViewController.swift */,
				2CAED3C32B6F948B00AC7407 /* SearchListVCDelegate.swift */,
				2CAED3C52B6F949C00AC7407 /* SearchListVCDataSource.swift */,
			);
			path = SearchVC;
			sourceTree = "<group>";
		};
		2C0B96EC2B5D367C00338BFD /* FavoritesVC */ = {
			isa = PBXGroup;
			children = (
				2C0B96E72B5D0D8D00338BFD /* FavoritesViewController.swift */,
				2C7F9D382B654FF500F48993 /* FavoritesVCDelegate.swift */,
				2C7F9D362B654CFF00F48993 /* FavoritesVCDataSource.swift */,
			);
			path = FavoritesVC;
			sourceTree = "<group>";
		};
		2C0D04582B46E182007FEAA7 /* FilmCardVC */ = {
			isa = PBXGroup;
			children = (
				2C05D3352B2B85740005B3F7 /* FilmCardViewController.swift */,
				2C0D045D2B46E2C4007FEAA7 /* FilmCardCollectionViewCell.swift */,
				2C0D04592B46E1C5007FEAA7 /* FilmCardVCDelegate.swift */,
				2C0D045B2B46E2AC007FEAA7 /* FilmCardVCDataSource.swift */,
				2CACA2522B52DFC100553277 /* DescriptionVC */,
				2CEEDDA42B59A3FE008F56AB /* FullImageVC */,
			);
			path = FilmCardVC;
			sourceTree = "<group>";
		};
		2CACA2522B52DFC100553277 /* DescriptionVC */ = {
			isa = PBXGroup;
			children = (
				2CACA2532B52DFEE00553277 /* DescriptionViewController.swift */,
			);
			path = DescriptionVC;
			sourceTree = "<group>";
		};
		2CEEDDA42B59A3FE008F56AB /* FullImageVC */ = {
			isa = PBXGroup;
			children = (
				2C05D3392B2B85F90005B3F7 /* FullImageViewController.swift */,
			);
			path = FullImageVC;
			sourceTree = "<group>";
		};
		62DCB161FE468E644686D37A /* Pods */ = {
			isa = PBXGroup;
			children = (
				65C82E14C7864A74EA1A1C35 /* Pods-sf_diplom.debug.xcconfig */,
				F54E734DE4B1D9BD8FD0CD16 /* Pods-sf_diplom.release.xcconfig */,
			);
			path = Pods;
			sourceTree = "<group>";
		};
		A836B1A9EE17B96C41BC6359 /* Frameworks */ = {
			isa = PBXGroup;
			children = (
				AC7057CA6F5EFAB2BBC0352B /* Pods_sf_diplom.framework */,
			);
			name = Frameworks;
			sourceTree = "<group>";
		};
/* End PBXGroup section */

/* Begin PBXNativeTarget section */
		2C0609022B2B5C4E0078FF50 /* sf_diplom */ = {
			isa = PBXNativeTarget;
			buildConfigurationList = 2C0609172B2B5C500078FF50 /* Build configuration list for PBXNativeTarget "sf_diplom" */;
			buildPhases = (
				383000AE2707468850AD6C15 /* [CP] Check Pods Manifest.lock */,
				2C0608FF2B2B5C4E0078FF50 /* Sources */,
				2C0609002B2B5C4E0078FF50 /* Frameworks */,
				2C0609012B2B5C4E0078FF50 /* Resources */,
				3ECEE159E936F7ACFFC03DCC /* [CP] Embed Pods Frameworks */,
			);
			buildRules = (
			);
			dependencies = (
			);
			name = sf_diplom;
			productName = sf_diplom;
			productReference = 2C0609032B2B5C4E0078FF50 /* sf_diplom.app */;
			productType = "com.apple.product-type.application";
		};
/* End PBXNativeTarget section */

/* Begin PBXProject section */
		2C0608FB2B2B5C4E0078FF50 /* Project object */ = {
			isa = PBXProject;
			attributes = {
				BuildIndependentTargetsInParallel = 1;
				LastSwiftUpdateCheck = 1500;
				LastUpgradeCheck = 1500;
				TargetAttributes = {
					2C0609022B2B5C4E0078FF50 = {
						CreatedOnToolsVersion = 15.0.1;
					};
				};
			};
			buildConfigurationList = 2C0608FE2B2B5C4E0078FF50 /* Build configuration list for PBXProject "sf_diplom" */;
			compatibilityVersion = "Xcode 14.0";
			developmentRegion = en;
			hasScannedForEncodings = 0;
			knownRegions = (
				en,
				Base,
			);
			mainGroup = 2C0608FA2B2B5C4E0078FF50;
			productRefGroup = 2C0609042B2B5C4E0078FF50 /* Products */;
			projectDirPath = "";
			projectRoot = "";
			targets = (
				2C0609022B2B5C4E0078FF50 /* sf_diplom */,
			);
		};
/* End PBXProject section */

/* Begin PBXResourcesBuildPhase section */
		2C0609012B2B5C4E0078FF50 /* Resources */ = {
			isa = PBXResourcesBuildPhase;
			buildActionMask = 2147483647;
			files = (
				2C0609132B2B5C500078FF50 /* LaunchScreen.storyboard in Resources */,
				2C0609102B2B5C500078FF50 /* Assets.xcassets in Resources */,
			);
			runOnlyForDeploymentPostprocessing = 0;
		};
/* End PBXResourcesBuildPhase section */

/* Begin PBXShellScriptBuildPhase section */
		383000AE2707468850AD6C15 /* [CP] Check Pods Manifest.lock */ = {
			isa = PBXShellScriptBuildPhase;
			buildActionMask = 2147483647;
			files = (
			);
			inputFileListPaths = (
			);
			inputPaths = (
				"${PODS_PODFILE_DIR_PATH}/Podfile.lock",
				"${PODS_ROOT}/Manifest.lock",
			);
			name = "[CP] Check Pods Manifest.lock";
			outputFileListPaths = (
			);
			outputPaths = (
				"$(DERIVED_FILE_DIR)/Pods-sf_diplom-checkManifestLockResult.txt",
			);
			runOnlyForDeploymentPostprocessing = 0;
			shellPath = /bin/sh;
			shellScript = "diff \"${PODS_PODFILE_DIR_PATH}/Podfile.lock\" \"${PODS_ROOT}/Manifest.lock\" > /dev/null\nif [ $? != 0 ] ; then\n    # print error to STDERR\n    echo \"error: The sandbox is not in sync with the Podfile.lock. Run 'pod install' or update your CocoaPods installation.\" >&2\n    exit 1\nfi\n# This output is used by Xcode 'outputs' to avoid re-running this script phase.\necho \"SUCCESS\" > \"${SCRIPT_OUTPUT_FILE_0}\"\n";
			showEnvVarsInLog = 0;
		};
		3ECEE159E936F7ACFFC03DCC /* [CP] Embed Pods Frameworks */ = {
			isa = PBXShellScriptBuildPhase;
			buildActionMask = 2147483647;
			files = (
			);
			inputFileListPaths = (
				"${PODS_ROOT}/Target Support Files/Pods-sf_diplom/Pods-sf_diplom-frameworks-${CONFIGURATION}-input-files.xcfilelist",
			);
			name = "[CP] Embed Pods Frameworks";
			outputFileListPaths = (
				"${PODS_ROOT}/Target Support Files/Pods-sf_diplom/Pods-sf_diplom-frameworks-${CONFIGURATION}-output-files.xcfilelist",
			);
			runOnlyForDeploymentPostprocessing = 0;
			shellPath = /bin/sh;
			shellScript = "\"${PODS_ROOT}/Target Support Files/Pods-sf_diplom/Pods-sf_diplom-frameworks.sh\"\n";
			showEnvVarsInLog = 0;
		};
/* End PBXShellScriptBuildPhase section */

/* Begin PBXSourcesBuildPhase section */
		2C0608FF2B2B5C4E0078FF50 /* Sources */ = {
			isa = PBXSourcesBuildPhase;
			buildActionMask = 2147483647;
			files = (
				2C06090B2B2B5C4E0078FF50 /* FilmListViewController.swift in Sources */,
				2C0B96E42B5D0D1F00338BFD /* TabBarController.swift in Sources */,
				2C7F9D392B654FF500F48993 /* FavoritesVCDelegate.swift in Sources */,
				2CACA2542B52DFEE00553277 /* DescriptionViewController.swift in Sources */,
				2C0B96E62B5D0D6E00338BFD /* SearchViewController.swift in Sources */,
				2CAED3C42B6F948B00AC7407 /* SearchListVCDelegate.swift in Sources */,
				2C05D3362B2B85740005B3F7 /* FilmCardViewController.swift in Sources */,
				2C0609072B2B5C4E0078FF50 /* AppDelegate.swift in Sources */,
				2C05D3582B2C477D0005B3F7 /* FilmListVCDelegate.swift in Sources */,
				2C05D35A2B2C478D0005B3F7 /* FilmListVCDataSource.swift in Sources */,
				2C05D3562B2C3B340005B3F7 /* FilmListCollectionViewCell.swift in Sources */,
				2C7F9D372B654CFF00F48993 /* FavoritesVCDataSource.swift in Sources */,
				2C0D04572B36E867007FEAA7 /* FilmDBModel.swift in Sources */,
				2C0B96E82B5D0D8D00338BFD /* FavoritesViewController.swift in Sources */,
				2C0D045E2B46E2C4007FEAA7 /* FilmCardCollectionViewCell.swift in Sources */,
				2C05D35C2B2C56000005B3F7 /* Model.swift in Sources */,
				2CAED3C62B6F949C00AC7407 /* SearchListVCDataSource.swift in Sources */,
				2C0D045A2B46E1C5007FEAA7 /* FilmCardVCDelegate.swift in Sources */,
				2C05D33C2B2C2DCC0005B3F7 /* APIRequestConst.swift in Sources */,
				2C0609092B2B5C4E0078FF50 /* SceneDelegate.swift in Sources */,
				2C0D045C2B46E2AC007FEAA7 /* FilmCardVCDataSource.swift in Sources */,
				2C0B96EA2B5D148D00338BFD /* FilmListDisplayingProtocol.swift in Sources */,
				2C05D33A2B2B85F90005B3F7 /* FullImageViewController.swift in Sources */,
			);
			runOnlyForDeploymentPostprocessing = 0;
		};
/* End PBXSourcesBuildPhase section */

/* Begin PBXVariantGroup section */
		2C0609112B2B5C500078FF50 /* LaunchScreen.storyboard */ = {
			isa = PBXVariantGroup;
			children = (
				2C0609122B2B5C500078FF50 /* Base */,
			);
			name = LaunchScreen.storyboard;
			sourceTree = "<group>";
		};
/* End PBXVariantGroup section */

/* Begin XCBuildConfiguration section */
		2C0609152B2B5C500078FF50 /* Debug */ = {
			isa = XCBuildConfiguration;
			buildSettings = {
				ALWAYS_SEARCH_USER_PATHS = NO;
				ASSETCATALOG_COMPILER_GENERATE_SWIFT_ASSET_SYMBOL_EXTENSIONS = YES;
				CLANG_ANALYZER_NONNULL = YES;
				CLANG_ANALYZER_NUMBER_OBJECT_CONVERSION = YES_AGGRESSIVE;
				CLANG_CXX_LANGUAGE_STANDARD = "gnu++20";
				CLANG_ENABLE_MODULES = YES;
				CLANG_ENABLE_OBJC_ARC = YES;
				CLANG_ENABLE_OBJC_WEAK = YES;
				CLANG_WARN_BLOCK_CAPTURE_AUTORELEASING = YES;
				CLANG_WARN_BOOL_CONVERSION = YES;
				CLANG_WARN_COMMA = YES;
				CLANG_WARN_CONSTANT_CONVERSION = YES;
				CLANG_WARN_DEPRECATED_OBJC_IMPLEMENTATIONS = YES;
				CLANG_WARN_DIRECT_OBJC_ISA_USAGE = YES_ERROR;
				CLANG_WARN_DOCUMENTATION_COMMENTS = YES;
				CLANG_WARN_EMPTY_BODY = YES;
				CLANG_WARN_ENUM_CONVERSION = YES;
				CLANG_WARN_INFINITE_RECURSION = YES;
				CLANG_WARN_INT_CONVERSION = YES;
				CLANG_WARN_NON_LITERAL_NULL_CONVERSION = YES;
				CLANG_WARN_OBJC_IMPLICIT_RETAIN_SELF = YES;
				CLANG_WARN_OBJC_LITERAL_CONVERSION = YES;
				CLANG_WARN_OBJC_ROOT_CLASS = YES_ERROR;
				CLANG_WARN_QUOTED_INCLUDE_IN_FRAMEWORK_HEADER = YES;
				CLANG_WARN_RANGE_LOOP_ANALYSIS = YES;
				CLANG_WARN_STRICT_PROTOTYPES = YES;
				CLANG_WARN_SUSPICIOUS_MOVE = YES;
				CLANG_WARN_UNGUARDED_AVAILABILITY = YES_AGGRESSIVE;
				CLANG_WARN_UNREACHABLE_CODE = YES;
				CLANG_WARN__DUPLICATE_METHOD_MATCH = YES;
				COPY_PHASE_STRIP = NO;
				DEBUG_INFORMATION_FORMAT = dwarf;
				ENABLE_STRICT_OBJC_MSGSEND = YES;
				ENABLE_TESTABILITY = YES;
				ENABLE_USER_SCRIPT_SANDBOXING = YES;
				GCC_C_LANGUAGE_STANDARD = gnu17;
				GCC_DYNAMIC_NO_PIC = NO;
				GCC_NO_COMMON_BLOCKS = YES;
				GCC_OPTIMIZATION_LEVEL = 0;
				GCC_PREPROCESSOR_DEFINITIONS = (
					"DEBUG=1",
					"$(inherited)",
				);
				GCC_WARN_64_TO_32_BIT_CONVERSION = YES;
				GCC_WARN_ABOUT_RETURN_TYPE = YES_ERROR;
				GCC_WARN_UNDECLARED_SELECTOR = YES;
				GCC_WARN_UNINITIALIZED_AUTOS = YES_AGGRESSIVE;
				GCC_WARN_UNUSED_FUNCTION = YES;
				GCC_WARN_UNUSED_VARIABLE = YES;
				IPHONEOS_DEPLOYMENT_TARGET = 17.0;
				LOCALIZATION_PREFERS_STRING_CATALOGS = YES;
				MTL_ENABLE_DEBUG_INFO = INCLUDE_SOURCE;
				MTL_FAST_MATH = YES;
				ONLY_ACTIVE_ARCH = YES;
				SDKROOT = iphoneos;
				SWIFT_ACTIVE_COMPILATION_CONDITIONS = "DEBUG $(inherited)";
				SWIFT_OPTIMIZATION_LEVEL = "-Onone";
			};
			name = Debug;
		};
		2C0609162B2B5C500078FF50 /* Release */ = {
			isa = XCBuildConfiguration;
			buildSettings = {
				ALWAYS_SEARCH_USER_PATHS = NO;
				ASSETCATALOG_COMPILER_GENERATE_SWIFT_ASSET_SYMBOL_EXTENSIONS = YES;
				CLANG_ANALYZER_NONNULL = YES;
				CLANG_ANALYZER_NUMBER_OBJECT_CONVERSION = YES_AGGRESSIVE;
				CLANG_CXX_LANGUAGE_STANDARD = "gnu++20";
				CLANG_ENABLE_MODULES = YES;
				CLANG_ENABLE_OBJC_ARC = YES;
				CLANG_ENABLE_OBJC_WEAK = YES;
				CLANG_WARN_BLOCK_CAPTURE_AUTORELEASING = YES;
				CLANG_WARN_BOOL_CONVERSION = YES;
				CLANG_WARN_COMMA = YES;
				CLANG_WARN_CONSTANT_CONVERSION = YES;
				CLANG_WARN_DEPRECATED_OBJC_IMPLEMENTATIONS = YES;
				CLANG_WARN_DIRECT_OBJC_ISA_USAGE = YES_ERROR;
				CLANG_WARN_DOCUMENTATION_COMMENTS = YES;
				CLANG_WARN_EMPTY_BODY = YES;
				CLANG_WARN_ENUM_CONVERSION = YES;
				CLANG_WARN_INFINITE_RECURSION = YES;
				CLANG_WARN_INT_CONVERSION = YES;
				CLANG_WARN_NON_LITERAL_NULL_CONVERSION = YES;
				CLANG_WARN_OBJC_IMPLICIT_RETAIN_SELF = YES;
				CLANG_WARN_OBJC_LITERAL_CONVERSION = YES;
				CLANG_WARN_OBJC_ROOT_CLASS = YES_ERROR;
				CLANG_WARN_QUOTED_INCLUDE_IN_FRAMEWORK_HEADER = YES;
				CLANG_WARN_RANGE_LOOP_ANALYSIS = YES;
				CLANG_WARN_STRICT_PROTOTYPES = YES;
				CLANG_WARN_SUSPICIOUS_MOVE = YES;
				CLANG_WARN_UNGUARDED_AVAILABILITY = YES_AGGRESSIVE;
				CLANG_WARN_UNREACHABLE_CODE = YES;
				CLANG_WARN__DUPLICATE_METHOD_MATCH = YES;
				COPY_PHASE_STRIP = NO;
				DEBUG_INFORMATION_FORMAT = "dwarf-with-dsym";
				ENABLE_NS_ASSERTIONS = NO;
				ENABLE_STRICT_OBJC_MSGSEND = YES;
				ENABLE_USER_SCRIPT_SANDBOXING = YES;
				GCC_C_LANGUAGE_STANDARD = gnu17;
				GCC_NO_COMMON_BLOCKS = YES;
				GCC_WARN_64_TO_32_BIT_CONVERSION = YES;
				GCC_WARN_ABOUT_RETURN_TYPE = YES_ERROR;
				GCC_WARN_UNDECLARED_SELECTOR = YES;
				GCC_WARN_UNINITIALIZED_AUTOS = YES_AGGRESSIVE;
				GCC_WARN_UNUSED_FUNCTION = YES;
				GCC_WARN_UNUSED_VARIABLE = YES;
				IPHONEOS_DEPLOYMENT_TARGET = 17.0;
				LOCALIZATION_PREFERS_STRING_CATALOGS = YES;
				MTL_ENABLE_DEBUG_INFO = NO;
				MTL_FAST_MATH = YES;
				SDKROOT = iphoneos;
				SWIFT_COMPILATION_MODE = wholemodule;
				VALIDATE_PRODUCT = YES;
			};
			name = Release;
		};
		2C0609182B2B5C500078FF50 /* Debug */ = {
			isa = XCBuildConfiguration;
			baseConfigurationReference = 65C82E14C7864A74EA1A1C35 /* Pods-sf_diplom.debug.xcconfig */;
			buildSettings = {
				ASSETCATALOG_COMPILER_APPICON_NAME = AppIcon;
				ASSETCATALOG_COMPILER_GLOBAL_ACCENT_COLOR_NAME = AccentColor;
				CODE_SIGN_STYLE = Automatic;
				CURRENT_PROJECT_VERSION = 1;
				DEVELOPMENT_TEAM = J5V4FRQ99J;
				ENABLE_USER_SCRIPT_SANDBOXING = NO;
				GENERATE_INFOPLIST_FILE = YES;
				INFOPLIST_FILE = sf_diplom/Info.plist;
				INFOPLIST_KEY_CFBundleDisplayName = Movies;
				INFOPLIST_KEY_UIApplicationSupportsIndirectInputEvents = YES;
				INFOPLIST_KEY_UILaunchStoryboardName = LaunchScreen;
				INFOPLIST_KEY_UIStatusBarStyle = "";
				INFOPLIST_KEY_UISupportedInterfaceOrientations_iPad = "UIInterfaceOrientationPortrait UIInterfaceOrientationPortraitUpsideDown UIInterfaceOrientationLandscapeLeft UIInterfaceOrientationLandscapeRight";
				INFOPLIST_KEY_UISupportedInterfaceOrientations_iPhone = "UIInterfaceOrientationPortrait UIInterfaceOrientationLandscapeLeft UIInterfaceOrientationLandscapeRight";
				LD_RUNPATH_SEARCH_PATHS = (
					"$(inherited)",
					"@executable_path/Frameworks",
				);
				MARKETING_VERSION = 1.0;
				PRODUCT_BUNDLE_IDENTIFIER = "ru.piv.sf-diplom";
				PRODUCT_NAME = "$(TARGET_NAME)";
				SWIFT_EMIT_LOC_STRINGS = YES;
				SWIFT_VERSION = 5.0;
				TARGETED_DEVICE_FAMILY = "1,2";
			};
			name = Debug;
		};
		2C0609192B2B5C500078FF50 /* Release */ = {
			isa = XCBuildConfiguration;
			baseConfigurationReference = F54E734DE4B1D9BD8FD0CD16 /* Pods-sf_diplom.release.xcconfig */;
			buildSettings = {
				ASSETCATALOG_COMPILER_APPICON_NAME = AppIcon;
				ASSETCATALOG_COMPILER_GLOBAL_ACCENT_COLOR_NAME = AccentColor;
				CODE_SIGN_STYLE = Automatic;
				CURRENT_PROJECT_VERSION = 1;
				DEVELOPMENT_TEAM = J5V4FRQ99J;
				ENABLE_USER_SCRIPT_SANDBOXING = NO;
				GENERATE_INFOPLIST_FILE = YES;
				INFOPLIST_FILE = sf_diplom/Info.plist;
				INFOPLIST_KEY_CFBundleDisplayName = Movies;
				INFOPLIST_KEY_UIApplicationSupportsIndirectInputEvents = YES;
				INFOPLIST_KEY_UILaunchStoryboardName = LaunchScreen;
				INFOPLIST_KEY_UIStatusBarStyle = "";
				INFOPLIST_KEY_UISupportedInterfaceOrientations_iPad = "UIInterfaceOrientationPortrait UIInterfaceOrientationPortraitUpsideDown UIInterfaceOrientationLandscapeLeft UIInterfaceOrientationLandscapeRight";
				INFOPLIST_KEY_UISupportedInterfaceOrientations_iPhone = "UIInterfaceOrientationPortrait UIInterfaceOrientationLandscapeLeft UIInterfaceOrientationLandscapeRight";
				LD_RUNPATH_SEARCH_PATHS = (
					"$(inherited)",
					"@executable_path/Frameworks",
				);
				MARKETING_VERSION = 1.0;
				PRODUCT_BUNDLE_IDENTIFIER = "ru.piv.sf-diplom";
				PRODUCT_NAME = "$(TARGET_NAME)";
				SWIFT_EMIT_LOC_STRINGS = YES;
				SWIFT_VERSION = 5.0;
				TARGETED_DEVICE_FAMILY = "1,2";
			};
			name = Release;
		};
/* End XCBuildConfiguration section */

/* Begin XCConfigurationList section */
		2C0608FE2B2B5C4E0078FF50 /* Build configuration list for PBXProject "sf_diplom" */ = {
			isa = XCConfigurationList;
			buildConfigurations = (
				2C0609152B2B5C500078FF50 /* Debug */,
				2C0609162B2B5C500078FF50 /* Release */,
			);
			defaultConfigurationIsVisible = 0;
			defaultConfigurationName = Release;
		};
		2C0609172B2B5C500078FF50 /* Build configuration list for PBXNativeTarget "sf_diplom" */ = {
			isa = XCConfigurationList;
			buildConfigurations = (
				2C0609182B2B5C500078FF50 /* Debug */,
				2C0609192B2B5C500078FF50 /* Release */,
			);
			defaultConfigurationIsVisible = 0;
			defaultConfigurationName = Release;
		};
/* End XCConfigurationList section */
	};
	rootObject = 2C0608FB2B2B5C4E0078FF50 /* Project object */;
}
